
Microsoft Visual Studio Solution File, Format Version 12.00
# Visual Studio Version 16
VisualStudioVersion = 16.0.32510.428
MinimumVisualStudioVersion = 10.0.40219.1
Project("{FAE04EC0-301F-11D3-BF4B-00C04F79EFBC}") = "IT_Aplikacija", "IT_Aplikacija\IT_Aplikacija.csproj", "{6866C85B-76EC-4789-AEC4-53D826CF80BE}"
EndProject
Global
	GlobalSection(SolutionConfigurationPlatforms) = preSolution
		Debug|Any CPU = Debug|Any CPU
		Release|Any CPU = Release|Any CPU
	EndGlobalSection
	GlobalSection(ProjectConfigurationPlatforms) = postSolution
		{6866C85B-76EC-4789-AEC4-53D826CF80BE}.Debug|Any CPU.ActiveCfg = Debug|Any CPU
		{6866C85B-76EC-4789-AEC4-53D826CF80BE}.Debug|Any CPU.Build.0 = Debug|Any CPU
		{6866C85B-76EC-4789-AEC4-53D826CF80BE}.Release|Any CPU.ActiveCfg = Release|Any CPU
		{6866C85B-76EC-4789-AEC4-53D826CF80BE}.Release|Any CPU.Build.0 = Release|Any CPU
	EndGlobalSection
	GlobalSection(SolutionProperties) = preSolution
		HideSolutionNode = FALSE
	EndGlobalSection
	GlobalSection(ExtensibilityGlobals) = postSolution
		SolutionGuid = {4BA83C8E-992F-4518-91F6-20EBA0DD85D5}
	EndGlobalSection
EndGlobal
